// !$*UTF8*$!
{
	archiveVersion = 1;
	classes = {
	};
	objectVersion = 56;
	objects = {

/* Begin PBXBuildFile section */
		975EBBF229DA499300C38ACC /* AnimalGridItemView.swift in Sources */ = {isa = PBXBuildFile; fileRef = 975EBBF129DA499300C38ACC /* AnimalGridItemView.swift */; };
		975EBBF829DA508700C38ACC /* Stickers.xcassets in Resources */ = {isa = PBXBuildFile; fileRef = 975EBBF729DA508700C38ACC /* Stickers.xcassets */; };
		975EBBFD29DA508700C38ACC /* Stickers.appex in Embed Foundation Extensions */ = {isa = PBXBuildFile; fileRef = 975EBBF529DA508500C38ACC /* Stickers.appex */; settings = {ATTRIBUTES = (RemoveHeadersOnCopy, ); }; };
		975EBC0229DA52C200C38ACC /* CreditsView.swift in Sources */ = {isa = PBXBuildFile; fileRef = 975EBC0129DA52C200C38ACC /* CreditsView.swift */; };
		975EBC0429DA542200C38ACC /* CenterModifier.swift in Sources */ = {isa = PBXBuildFile; fileRef = 975EBC0329DA542200C38ACC /* CenterModifier.swift */; };
		979BBF9C29D4AF3700E07BA1 /* AfricaApp.swift in Sources */ = {isa = PBXBuildFile; fileRef = 979BBF9B29D4AF3700E07BA1 /* AfricaApp.swift */; };
		979BBF9E29D4AF3700E07BA1 /* ContentView.swift in Sources */ = {isa = PBXBuildFile; fileRef = 979BBF9D29D4AF3700E07BA1 /* ContentView.swift */; };
		979BBFA029D4AF3800E07BA1 /* Assets.xcassets in Resources */ = {isa = PBXBuildFile; fileRef = 979BBF9F29D4AF3800E07BA1 /* Assets.xcassets */; };
		979BBFA329D4AF3800E07BA1 /* Preview Assets.xcassets in Resources */ = {isa = PBXBuildFile; fileRef = 979BBFA229D4AF3800E07BA1 /* Preview Assets.xcassets */; };
		979BBFB929D4B4E000E07BA1 /* videos.json in Resources */ = {isa = PBXBuildFile; fileRef = 979BBFB529D4B4E000E07BA1 /* videos.json */; };
		979BBFBA29D4B4E000E07BA1 /* covers.json in Resources */ = {isa = PBXBuildFile; fileRef = 979BBFB629D4B4E000E07BA1 /* covers.json */; };
		979BBFBB29D4B4E000E07BA1 /* animals.json in Resources */ = {isa = PBXBuildFile; fileRef = 979BBFB729D4B4E000E07BA1 /* animals.json */; };
		979BBFBC29D4B4E000E07BA1 /* locations.json in Resources */ = {isa = PBXBuildFile; fileRef = 979BBFB829D4B4E000E07BA1 /* locations.json */; };
		979BBFC029D4C16C00E07BA1 /* VideoListView.swift in Sources */ = {isa = PBXBuildFile; fileRef = 979BBFBF29D4C16C00E07BA1 /* VideoListView.swift */; };
		979BBFC229D4C18500E07BA1 /* MapView.swift in Sources */ = {isa = PBXBuildFile; fileRef = 979BBFC129D4C18500E07BA1 /* MapView.swift */; };
		979BBFC429D4C19D00E07BA1 /* GalleryView.swift in Sources */ = {isa = PBXBuildFile; fileRef = 979BBFC329D4C19D00E07BA1 /* GalleryView.swift */; };
		979BBFC629D4C1B200E07BA1 /* MainView.swift in Sources */ = {isa = PBXBuildFile; fileRef = 979BBFC529D4C1B200E07BA1 /* MainView.swift */; };
		979BBFC929D4C46E00E07BA1 /* CoverImageView.swift in Sources */ = {isa = PBXBuildFile; fileRef = 979BBFC829D4C46E00E07BA1 /* CoverImageView.swift */; };
		979BBFCC29D4C5A700E07BA1 /* CoverImageModel.swift in Sources */ = {isa = PBXBuildFile; fileRef = 979BBFCB29D4C5A700E07BA1 /* CoverImageModel.swift */; };
		979BBFCF29D4C65900E07BA1 /* CodableBundleExtension.swift in Sources */ = {isa = PBXBuildFile; fileRef = 979BBFCE29D4C65900E07BA1 /* CodableBundleExtension.swift */; };
		979BBFD129D4CC9100E07BA1 /* AnimalListItemView.swift in Sources */ = {isa = PBXBuildFile; fileRef = 979BBFD029D4CC9100E07BA1 /* AnimalListItemView.swift */; };
		979BBFD329D4CF0D00E07BA1 /* AnimalModel.swift in Sources */ = {isa = PBXBuildFile; fileRef = 979BBFD229D4CF0D00E07BA1 /* AnimalModel.swift */; };
		979BBFD529D4D21C00E07BA1 /* AnimalDetailView.swift in Sources */ = {isa = PBXBuildFile; fileRef = 979BBFD429D4D21C00E07BA1 /* AnimalDetailView.swift */; };
		979BBFD729D4D46400E07BA1 /* HeadingView.swift in Sources */ = {isa = PBXBuildFile; fileRef = 979BBFD629D4D46400E07BA1 /* HeadingView.swift */; };
		979BBFD929D4D5A600E07BA1 /* InsetGalleryView.swift in Sources */ = {isa = PBXBuildFile; fileRef = 979BBFD829D4D5A600E07BA1 /* InsetGalleryView.swift */; };
		979BBFDB29D4D87D00E07BA1 /* InsetFactView.swift in Sources */ = {isa = PBXBuildFile; fileRef = 979BBFDA29D4D87D00E07BA1 /* InsetFactView.swift */; };
		979BBFDD29D4DE1E00E07BA1 /* InsetMapView.swift in Sources */ = {isa = PBXBuildFile; fileRef = 979BBFDC29D4DE1E00E07BA1 /* InsetMapView.swift */; };
		979BBFDF29D4E12D00E07BA1 /* ExternalWeblinkView.swift in Sources */ = {isa = PBXBuildFile; fileRef = 979BBFDE29D4E12D00E07BA1 /* ExternalWeblinkView.swift */; };
		979BBFE129D4E4DC00E07BA1 /* VideoModel.swift in Sources */ = {isa = PBXBuildFile; fileRef = 979BBFE029D4E4DC00E07BA1 /* VideoModel.swift */; };
		979BBFE329D4E55C00E07BA1 /* VideoListItemView.swift in Sources */ = {isa = PBXBuildFile; fileRef = 979BBFE229D4E55C00E07BA1 /* VideoListItemView.swift */; };
		97FAFAE629D86509001E9670 /* VideoPlayerView.swift in Sources */ = {isa = PBXBuildFile; fileRef = 97FAFAE529D86508001E9670 /* VideoPlayerView.swift */; };
		97FAFAE929D868CA001E9670 /* VideoPlayerHelper.swift in Sources */ = {isa = PBXBuildFile; fileRef = 97FAFAE829D868CA001E9670 /* VideoPlayerHelper.swift */; };
		97FAFAEA29D86B14001E9670 /* cheetah.mp4 in Resources */ = {isa = PBXBuildFile; fileRef = 979BBFAD29D4B47B00E07BA1 /* cheetah.mp4 */; };
		97FAFAEB29D86B14001E9670 /* elephant.mp4 in Resources */ = {isa = PBXBuildFile; fileRef = 979BBFB229D4B47C00E07BA1 /* elephant.mp4 */; };
		97FAFAEC29D86B14001E9670 /* giraffe.mp4 in Resources */ = {isa = PBXBuildFile; fileRef = 979BBFB329D4B47D00E07BA1 /* giraffe.mp4 */; };
		97FAFAED29D86B14001E9670 /* gorilla.mp4 in Resources */ = {isa = PBXBuildFile; fileRef = 979BBFAA29D4B47B00E07BA1 /* gorilla.mp4 */; };
		97FAFAEE29D86B14001E9670 /* hippo.mp4 in Resources */ = {isa = PBXBuildFile; fileRef = 979BBFAF29D4B47C00E07BA1 /* hippo.mp4 */; };
		97FAFAEF29D86B14001E9670 /* lion.mp4 in Resources */ = {isa = PBXBuildFile; fileRef = 979BBFAB29D4B47B00E07BA1 /* lion.mp4 */; };
		97FAFAF029D86B14001E9670 /* lioness.mp4 in Resources */ = {isa = PBXBuildFile; fileRef = 979BBFAE29D4B47B00E07BA1 /* lioness.mp4 */; };
		97FAFAF129D86B14001E9670 /* ostrich.mp4 in Resources */ = {isa = PBXBuildFile; fileRef = 979BBFB029D4B47C00E07BA1 /* ostrich.mp4 */; };
		97FAFAF229D86B14001E9670 /* rhino.mp4 in Resources */ = {isa = PBXBuildFile; fileRef = 979BBFB129D4B47C00E07BA1 /* rhino.mp4 */; };
		97FAFAF329D86B14001E9670 /* zebra.mp4 in Resources */ = {isa = PBXBuildFile; fileRef = 979BBFAC29D4B47B00E07BA1 /* zebra.mp4 */; };
		97FAFAF529D86DF1001E9670 /* LocationModel.swift in Sources */ = {isa = PBXBuildFile; fileRef = 97FAFAF429D86DF1001E9670 /* LocationModel.swift */; };
		97FAFAF729D871C1001E9670 /* MapAnnotationView.swift in Sources */ = {isa = PBXBuildFile; fileRef = 97FAFAF629D871C1001E9670 /* MapAnnotationView.swift */; };
		97FAFAF929D87F0A001E9670 /* MotionAnimationView.swift in Sources */ = {isa = PBXBuildFile; fileRef = 97FAFAF829D87F0A001E9670 /* MotionAnimationView.swift */; };
/* End PBXBuildFile section */

/* Begin PBXContainerItemProxy section */
		975EBBFA29DA508700C38ACC /* PBXContainerItemProxy */ = {
			isa = PBXContainerItemProxy;
			containerPortal = 979BBF9029D4AF3700E07BA1 /* Project object */;
			proxyType = 1;
			remoteGlobalIDString = 975EBBF429DA508500C38ACC;
			remoteInfo = Stickers;
		};
/* End PBXContainerItemProxy section */

/* Begin PBXCopyFilesBuildPhase section */
		975EBBFC29DA508700C38ACC /* Embed Foundation Extensions */ = {
			isa = PBXCopyFilesBuildPhase;
			buildActionMask = 2147483647;
			dstPath = "";
			dstSubfolderSpec = 13;
			files = (
				975EBBFD29DA508700C38ACC /* Stickers.appex in Embed Foundation Extensions */,
			);
			name = "Embed Foundation Extensions";
			runOnlyForDeploymentPostprocessing = 0;
		};
/* End PBXCopyFilesBuildPhase section */

/* Begin PBXFileReference section */
		975EBBF129DA499300C38ACC /* AnimalGridItemView.swift */ = {isa = PBXFileReference; lastKnownFileType = sourcecode.swift; path = AnimalGridItemView.swift; sourceTree = "<group>"; };
		975EBBF529DA508500C38ACC /* Stickers.appex */ = {isa = PBXFileReference; explicitFileType = "wrapper.app-extension"; includeInIndex = 0; path = Stickers.appex; sourceTree = BUILT_PRODUCTS_DIR; };
		975EBBF729DA508700C38ACC /* Stickers.xcassets */ = {isa = PBXFileReference; lastKnownFileType = folder.assetcatalog; path = Stickers.xcassets; sourceTree = "<group>"; };
		975EBBF929DA508700C38ACC /* Info.plist */ = {isa = PBXFileReference; lastKnownFileType = text.plist.xml; path = Info.plist; sourceTree = "<group>"; };
		975EBC0129DA52C200C38ACC /* CreditsView.swift */ = {isa = PBXFileReference; lastKnownFileType = sourcecode.swift; path = CreditsView.swift; sourceTree = "<group>"; };
		975EBC0329DA542200C38ACC /* CenterModifier.swift */ = {isa = PBXFileReference; lastKnownFileType = sourcecode.swift; path = CenterModifier.swift; sourceTree = "<group>"; };
		979BBF9829D4AF3700E07BA1 /* Africa.app */ = {isa = PBXFileReference; explicitFileType = wrapper.application; includeInIndex = 0; path = Africa.app; sourceTree = BUILT_PRODUCTS_DIR; };
		979BBF9B29D4AF3700E07BA1 /* AfricaApp.swift */ = {isa = PBXFileReference; lastKnownFileType = sourcecode.swift; path = AfricaApp.swift; sourceTree = "<group>"; };
		979BBF9D29D4AF3700E07BA1 /* ContentView.swift */ = {isa = PBXFileReference; lastKnownFileType = sourcecode.swift; path = ContentView.swift; sourceTree = "<group>"; };
		979BBF9F29D4AF3800E07BA1 /* Assets.xcassets */ = {isa = PBXFileReference; lastKnownFileType = folder.assetcatalog; path = Assets.xcassets; sourceTree = "<group>"; };
		979BBFA229D4AF3800E07BA1 /* Preview Assets.xcassets */ = {isa = PBXFileReference; lastKnownFileType = folder.assetcatalog; path = "Preview Assets.xcassets"; sourceTree = "<group>"; };
		979BBFAA29D4B47B00E07BA1 /* gorilla.mp4 */ = {isa = PBXFileReference; lastKnownFileType = file; path = gorilla.mp4; sourceTree = "<group>"; };
		979BBFAB29D4B47B00E07BA1 /* lion.mp4 */ = {isa = PBXFileReference; lastKnownFileType = file; path = lion.mp4; sourceTree = "<group>"; };
		979BBFAC29D4B47B00E07BA1 /* zebra.mp4 */ = {isa = PBXFileReference; lastKnownFileType = file; path = zebra.mp4; sourceTree = "<group>"; };
		979BBFAD29D4B47B00E07BA1 /* cheetah.mp4 */ = {isa = PBXFileReference; lastKnownFileType = file; path = cheetah.mp4; sourceTree = "<group>"; };
		979BBFAE29D4B47B00E07BA1 /* lioness.mp4 */ = {isa = PBXFileReference; lastKnownFileType = file; path = lioness.mp4; sourceTree = "<group>"; };
		979BBFAF29D4B47C00E07BA1 /* hippo.mp4 */ = {isa = PBXFileReference; lastKnownFileType = file; path = hippo.mp4; sourceTree = "<group>"; };
		979BBFB029D4B47C00E07BA1 /* ostrich.mp4 */ = {isa = PBXFileReference; lastKnownFileType = file; path = ostrich.mp4; sourceTree = "<group>"; };
		979BBFB129D4B47C00E07BA1 /* rhino.mp4 */ = {isa = PBXFileReference; lastKnownFileType = file; path = rhino.mp4; sourceTree = "<group>"; };
		979BBFB229D4B47C00E07BA1 /* elephant.mp4 */ = {isa = PBXFileReference; lastKnownFileType = file; path = elephant.mp4; sourceTree = "<group>"; };
		979BBFB329D4B47D00E07BA1 /* giraffe.mp4 */ = {isa = PBXFileReference; lastKnownFileType = file; path = giraffe.mp4; sourceTree = "<group>"; };
		979BBFB529D4B4E000E07BA1 /* videos.json */ = {isa = PBXFileReference; fileEncoding = 4; lastKnownFileType = text.json; path = videos.json; sourceTree = "<group>"; };
		979BBFB629D4B4E000E07BA1 /* covers.json */ = {isa = PBXFileReference; fileEncoding = 4; lastKnownFileType = text.json; path = covers.json; sourceTree = "<group>"; };
		979BBFB729D4B4E000E07BA1 /* animals.json */ = {isa = PBXFileReference; fileEncoding = 4; lastKnownFileType = text.json; path = animals.json; sourceTree = "<group>"; };
		979BBFB829D4B4E000E07BA1 /* locations.json */ = {isa = PBXFileReference; fileEncoding = 4; lastKnownFileType = text.json; path = locations.json; sourceTree = "<group>"; };
		979BBFBD29D4BF8A00E07BA1 /* Info.plist */ = {isa = PBXFileReference; lastKnownFileType = text.plist; path = Info.plist; sourceTree = "<group>"; };
		979BBFBF29D4C16C00E07BA1 /* VideoListView.swift */ = {isa = PBXFileReference; lastKnownFileType = sourcecode.swift; path = VideoListView.swift; sourceTree = "<group>"; };
		979BBFC129D4C18500E07BA1 /* MapView.swift */ = {isa = PBXFileReference; lastKnownFileType = sourcecode.swift; path = MapView.swift; sourceTree = "<group>"; };
		979BBFC329D4C19D00E07BA1 /* GalleryView.swift */ = {isa = PBXFileReference; lastKnownFileType = sourcecode.swift; path = GalleryView.swift; sourceTree = "<group>"; };
		979BBFC529D4C1B200E07BA1 /* MainView.swift */ = {isa = PBXFileReference; lastKnownFileType = sourcecode.swift; path = MainView.swift; sourceTree = "<group>"; };
		979BBFC829D4C46E00E07BA1 /* CoverImageView.swift */ = {isa = PBXFileReference; lastKnownFileType = sourcecode.swift; path = CoverImageView.swift; sourceTree = "<group>"; };
		979BBFCB29D4C5A700E07BA1 /* CoverImageModel.swift */ = {isa = PBXFileReference; lastKnownFileType = sourcecode.swift; path = CoverImageModel.swift; sourceTree = "<group>"; };
		979BBFCE29D4C65900E07BA1 /* CodableBundleExtension.swift */ = {isa = PBXFileReference; lastKnownFileType = sourcecode.swift; path = CodableBundleExtension.swift; sourceTree = "<group>"; };
		979BBFD029D4CC9100E07BA1 /* AnimalListItemView.swift */ = {isa = PBXFileReference; lastKnownFileType = sourcecode.swift; path = AnimalListItemView.swift; sourceTree = "<group>"; };
		979BBFD229D4CF0D00E07BA1 /* AnimalModel.swift */ = {isa = PBXFileReference; lastKnownFileType = sourcecode.swift; path = AnimalModel.swift; sourceTree = "<group>"; };
		979BBFD429D4D21C00E07BA1 /* AnimalDetailView.swift */ = {isa = PBXFileReference; lastKnownFileType = sourcecode.swift; path = AnimalDetailView.swift; sourceTree = "<group>"; };
		979BBFD629D4D46400E07BA1 /* HeadingView.swift */ = {isa = PBXFileReference; lastKnownFileType = sourcecode.swift; path = HeadingView.swift; sourceTree = "<group>"; };
		979BBFD829D4D5A600E07BA1 /* InsetGalleryView.swift */ = {isa = PBXFileReference; lastKnownFileType = sourcecode.swift; path = InsetGalleryView.swift; sourceTree = "<group>"; };
		979BBFDA29D4D87D00E07BA1 /* InsetFactView.swift */ = {isa = PBXFileReference; lastKnownFileType = sourcecode.swift; path = InsetFactView.swift; sourceTree = "<group>"; };
		979BBFDC29D4DE1E00E07BA1 /* InsetMapView.swift */ = {isa = PBXFileReference; lastKnownFileType = sourcecode.swift; path = InsetMapView.swift; sourceTree = "<group>"; };
		979BBFDE29D4E12D00E07BA1 /* ExternalWeblinkView.swift */ = {isa = PBXFileReference; lastKnownFileType = sourcecode.swift; path = ExternalWeblinkView.swift; sourceTree = "<group>"; };
		979BBFE029D4E4DC00E07BA1 /* VideoModel.swift */ = {isa = PBXFileReference; lastKnownFileType = sourcecode.swift; path = VideoModel.swift; sourceTree = "<group>"; };
		979BBFE229D4E55C00E07BA1 /* VideoListItemView.swift */ = {isa = PBXFileReference; lastKnownFileType = sourcecode.swift; path = VideoListItemView.swift; sourceTree = "<group>"; };
		97FAFAE529D86508001E9670 /* VideoPlayerView.swift */ = {isa = PBXFileReference; lastKnownFileType = sourcecode.swift; path = VideoPlayerView.swift; sourceTree = "<group>"; };
		97FAFAE829D868CA001E9670 /* VideoPlayerHelper.swift */ = {isa = PBXFileReference; lastKnownFileType = sourcecode.swift; path = VideoPlayerHelper.swift; sourceTree = "<group>"; };
		97FAFAF429D86DF1001E9670 /* LocationModel.swift */ = {isa = PBXFileReference; lastKnownFileType = sourcecode.swift; path = LocationModel.swift; sourceTree = "<group>"; };
		97FAFAF629D871C1001E9670 /* MapAnnotationView.swift */ = {isa = PBXFileReference; lastKnownFileType = sourcecode.swift; path = MapAnnotationView.swift; sourceTree = "<group>"; };
		97FAFAF829D87F0A001E9670 /* MotionAnimationView.swift */ = {isa = PBXFileReference; lastKnownFileType = sourcecode.swift; path = MotionAnimationView.swift; sourceTree = "<group>"; };
/* End PBXFileReference section */

/* Begin PBXFrameworksBuildPhase section */
		979BBF9529D4AF3700E07BA1 /* Frameworks */ = {
			isa = PBXFrameworksBuildPhase;
			buildActionMask = 2147483647;
			files = (
			);
			runOnlyForDeploymentPostprocessing = 0;
		};
/* End PBXFrameworksBuildPhase section */

/* Begin PBXGroup section */
		975EBBF629DA508500C38ACC /* Stickers */ = {
			isa = PBXGroup;
			children = (
				975EBBF729DA508700C38ACC /* Stickers.xcassets */,
				975EBBF929DA508700C38ACC /* Info.plist */,
			);
			path = Stickers;
			sourceTree = "<group>";
		};
		979BBF8F29D4AF3700E07BA1 = {
			isa = PBXGroup;
			children = (
				979BBF9A29D4AF3700E07BA1 /* Africa */,
				975EBBF629DA508500C38ACC /* Stickers */,
				979BBF9929D4AF3700E07BA1 /* Products */,
			);
			sourceTree = "<group>";
		};
		979BBF9929D4AF3700E07BA1 /* Products */ = {
			isa = PBXGroup;
			children = (
				979BBF9829D4AF3700E07BA1 /* Africa.app */,
				975EBBF529DA508500C38ACC /* Stickers.appex */,
			);
			name = Products;
			sourceTree = "<group>";
		};
		979BBF9A29D4AF3700E07BA1 /* Africa */ = {
			isa = PBXGroup;
			children = (
				979BBFBE29D4C01600E07BA1 /* App */,
				979BBFCD29D4C64000E07BA1 /* Extension */,
				97FAFAE729D868A0001E9670 /* Helper */,
				979BBFCA29D4C58600E07BA1 /* Model */,
				979BBFC729D4C45B00E07BA1 /* View */,
				979BBFB429D4B4D100E07BA1 /* Data */,
				979BBFA929D4B46600E07BA1 /* Video */,
				979BBF9F29D4AF3800E07BA1 /* Assets.xcassets */,
				979BBFBD29D4BF8A00E07BA1 /* Info.plist */,
				979BBFA129D4AF3800E07BA1 /* Preview Content */,
			);
			path = Africa;
			sourceTree = "<group>";
		};
		979BBFA129D4AF3800E07BA1 /* Preview Content */ = {
			isa = PBXGroup;
			children = (
				979BBFA229D4AF3800E07BA1 /* Preview Assets.xcassets */,
			);
			path = "Preview Content";
			sourceTree = "<group>";
		};
		979BBFA929D4B46600E07BA1 /* Video */ = {
			isa = PBXGroup;
			children = (
				979BBFAD29D4B47B00E07BA1 /* cheetah.mp4 */,
				979BBFB229D4B47C00E07BA1 /* elephant.mp4 */,
				979BBFB329D4B47D00E07BA1 /* giraffe.mp4 */,
				979BBFAA29D4B47B00E07BA1 /* gorilla.mp4 */,
				979BBFAF29D4B47C00E07BA1 /* hippo.mp4 */,
				979BBFAB29D4B47B00E07BA1 /* lion.mp4 */,
				979BBFAE29D4B47B00E07BA1 /* lioness.mp4 */,
				979BBFB029D4B47C00E07BA1 /* ostrich.mp4 */,
				979BBFB129D4B47C00E07BA1 /* rhino.mp4 */,
				979BBFAC29D4B47B00E07BA1 /* zebra.mp4 */,
			);
			path = Video;
			sourceTree = "<group>";
		};
		979BBFB429D4B4D100E07BA1 /* Data */ = {
			isa = PBXGroup;
			children = (
				979BBFB729D4B4E000E07BA1 /* animals.json */,
				979BBFB629D4B4E000E07BA1 /* covers.json */,
				979BBFB829D4B4E000E07BA1 /* locations.json */,
				979BBFB529D4B4E000E07BA1 /* videos.json */,
			);
			path = Data;
			sourceTree = "<group>";
		};
		979BBFBE29D4C01600E07BA1 /* App */ = {
			isa = PBXGroup;
			children = (
				979BBF9B29D4AF3700E07BA1 /* AfricaApp.swift */,
				979BBF9D29D4AF3700E07BA1 /* ContentView.swift */,
				979BBFBF29D4C16C00E07BA1 /* VideoListView.swift */,
				979BBFC129D4C18500E07BA1 /* MapView.swift */,
				979BBFC329D4C19D00E07BA1 /* GalleryView.swift */,
				979BBFC529D4C1B200E07BA1 /* MainView.swift */,
			);
			path = App;
			sourceTree = "<group>";
		};
		979BBFC729D4C45B00E07BA1 /* View */ = {
			isa = PBXGroup;
			children = (
				979BBFC829D4C46E00E07BA1 /* CoverImageView.swift */,
				979BBFD429D4D21C00E07BA1 /* AnimalDetailView.swift */,
				979BBFD029D4CC9100E07BA1 /* AnimalListItemView.swift */,
				979BBFD629D4D46400E07BA1 /* HeadingView.swift */,
				979BBFD829D4D5A600E07BA1 /* InsetGalleryView.swift */,
				979BBFDA29D4D87D00E07BA1 /* InsetFactView.swift */,
				979BBFDC29D4DE1E00E07BA1 /* InsetMapView.swift */,
				979BBFDE29D4E12D00E07BA1 /* ExternalWeblinkView.swift */,
				979BBFE229D4E55C00E07BA1 /* VideoListItemView.swift */,
				97FAFAE529D86508001E9670 /* VideoPlayerView.swift */,
				97FAFAF629D871C1001E9670 /* MapAnnotationView.swift */,
				97FAFAF829D87F0A001E9670 /* MotionAnimationView.swift */,
				975EBBF129DA499300C38ACC /* AnimalGridItemView.swift */,
				975EBC0129DA52C200C38ACC /* CreditsView.swift */,
			);
			path = View;
			sourceTree = "<group>";
		};
		979BBFCA29D4C58600E07BA1 /* Model */ = {
			isa = PBXGroup;
			children = (
				979BBFD229D4CF0D00E07BA1 /* AnimalModel.swift */,
				979BBFCB29D4C5A700E07BA1 /* CoverImageModel.swift */,
				979BBFE029D4E4DC00E07BA1 /* VideoModel.swift */,
				97FAFAF429D86DF1001E9670 /* LocationModel.swift */,
			);
			path = Model;
			sourceTree = "<group>";
		};
		979BBFCD29D4C64000E07BA1 /* Extension */ = {
			isa = PBXGroup;
			children = (
				979BBFCE29D4C65900E07BA1 /* CodableBundleExtension.swift */,
			);
			path = Extension;
			sourceTree = "<group>";
		};
		97FAFAE729D868A0001E9670 /* Helper */ = {
			isa = PBXGroup;
			children = (
				97FAFAE829D868CA001E9670 /* VideoPlayerHelper.swift */,
				975EBC0329DA542200C38ACC /* CenterModifier.swift */,
			);
			path = Helper;
			sourceTree = "<group>";
		};
/* End PBXGroup section */

/* Begin PBXNativeTarget section */
		975EBBF429DA508500C38ACC /* Stickers */ = {
			isa = PBXNativeTarget;
			buildConfigurationList = 975EBBFE29DA508700C38ACC /* Build configuration list for PBXNativeTarget "Stickers" */;
			buildPhases = (
				975EBBF329DA508500C38ACC /* Resources */,
			);
			buildRules = (
			);
			dependencies = (
			);
			name = Stickers;
			productName = Stickers;
			productReference = 975EBBF529DA508500C38ACC /* Stickers.appex */;
			productType = "com.apple.product-type.app-extension.messages-sticker-pack";
		};
		979BBF9729D4AF3700E07BA1 /* Africa */ = {
			isa = PBXNativeTarget;
			buildConfigurationList = 979BBFA629D4AF3800E07BA1 /* Build configuration list for PBXNativeTarget "Africa" */;
			buildPhases = (
				979BBF9429D4AF3700E07BA1 /* Sources */,
				979BBF9529D4AF3700E07BA1 /* Frameworks */,
				979BBF9629D4AF3700E07BA1 /* Resources */,
				975EBBFC29DA508700C38ACC /* Embed Foundation Extensions */,
			);
			buildRules = (
			);
			dependencies = (
				975EBBFB29DA508700C38ACC /* PBXTargetDependency */,
			);
			name = Africa;
			productName = Africa;
			productReference = 979BBF9829D4AF3700E07BA1 /* Africa.app */;
			productType = "com.apple.product-type.application";
		};
/* End PBXNativeTarget section */

/* Begin PBXProject section */
		979BBF9029D4AF3700E07BA1 /* Project object */ = {
			isa = PBXProject;
			attributes = {
				BuildIndependentTargetsInParallel = 1;
				LastSwiftUpdateCheck = 1430;
				LastUpgradeCheck = 1430;
				TargetAttributes = {
					975EBBF429DA508500C38ACC = {
						CreatedOnToolsVersion = 14.3;
					};
					979BBF9729D4AF3700E07BA1 = {
						CreatedOnToolsVersion = 14.3;
					};
				};
			};
			buildConfigurationList = 979BBF9329D4AF3700E07BA1 /* Build configuration list for PBXProject "Africa" */;
			compatibilityVersion = "Xcode 14.0";
			developmentRegion = en;
			hasScannedForEncodings = 0;
			knownRegions = (
				en,
				Base,
			);
			mainGroup = 979BBF8F29D4AF3700E07BA1;
			productRefGroup = 979BBF9929D4AF3700E07BA1 /* Products */;
			projectDirPath = "";
			projectRoot = "";
			targets = (
				979BBF9729D4AF3700E07BA1 /* Africa */,
				975EBBF429DA508500C38ACC /* Stickers */,
			);
		};
/* End PBXProject section */

/* Begin PBXResourcesBuildPhase section */
		975EBBF329DA508500C38ACC /* Resources */ = {
			isa = PBXResourcesBuildPhase;
			buildActionMask = 2147483647;
			files = (
				975EBBF829DA508700C38ACC /* Stickers.xcassets in Resources */,
			);
			runOnlyForDeploymentPostprocessing = 0;
		};
		979BBF9629D4AF3700E07BA1 /* Resources */ = {
			isa = PBXResourcesBuildPhase;
			buildActionMask = 2147483647;
			files = (
				97FAFAEA29D86B14001E9670 /* cheetah.mp4 in Resources */,
				97FAFAEB29D86B14001E9670 /* elephant.mp4 in Resources */,
				97FAFAEC29D86B14001E9670 /* giraffe.mp4 in Resources */,
				97FAFAED29D86B14001E9670 /* gorilla.mp4 in Resources */,
				97FAFAEE29D86B14001E9670 /* hippo.mp4 in Resources */,
				97FAFAEF29D86B14001E9670 /* lion.mp4 in Resources */,
				97FAFAF029D86B14001E9670 /* lioness.mp4 in Resources */,
				97FAFAF129D86B14001E9670 /* ostrich.mp4 in Resources */,
				97FAFAF229D86B14001E9670 /* rhino.mp4 in Resources */,
				97FAFAF329D86B14001E9670 /* zebra.mp4 in Resources */,
				979BBFBB29D4B4E000E07BA1 /* animals.json in Resources */,
				979BBFA329D4AF3800E07BA1 /* Preview Assets.xcassets in Resources */,
				979BBFBA29D4B4E000E07BA1 /* covers.json in Resources */,
				979BBFA029D4AF3800E07BA1 /* Assets.xcassets in Resources */,
				979BBFBC29D4B4E000E07BA1 /* locations.json in Resources */,
				979BBFB929D4B4E000E07BA1 /* videos.json in Resources */,
			);
			runOnlyForDeploymentPostprocessing = 0;
		};
/* End PBXResourcesBuildPhase section */

/* Begin PBXSourcesBuildPhase section */
		979BBF9429D4AF3700E07BA1 /* Sources */ = {
			isa = PBXSourcesBuildPhase;
			buildActionMask = 2147483647;
			files = (
				979BBFDF29D4E12D00E07BA1 /* ExternalWeblinkView.swift in Sources */,
				979BBF9E29D4AF3700E07BA1 /* ContentView.swift in Sources */,
				979BBFD129D4CC9100E07BA1 /* AnimalListItemView.swift in Sources */,
				979BBFC629D4C1B200E07BA1 /* MainView.swift in Sources */,
				979BBFDB29D4D87D00E07BA1 /* InsetFactView.swift in Sources */,
				979BBFC929D4C46E00E07BA1 /* CoverImageView.swift in Sources */,
				979BBFCC29D4C5A700E07BA1 /* CoverImageModel.swift in Sources */,
				979BBFD529D4D21C00E07BA1 /* AnimalDetailView.swift in Sources */,
				979BBFD329D4CF0D00E07BA1 /* AnimalModel.swift in Sources */,
				979BBFC229D4C18500E07BA1 /* MapView.swift in Sources */,
				97FAFAE929D868CA001E9670 /* VideoPlayerHelper.swift in Sources */,
				979BBFDD29D4DE1E00E07BA1 /* InsetMapView.swift in Sources */,
				979BBF9C29D4AF3700E07BA1 /* AfricaApp.swift in Sources */,
				97FAFAF729D871C1001E9670 /* MapAnnotationView.swift in Sources */,
				979BBFC029D4C16C00E07BA1 /* VideoListView.swift in Sources */,
				979BBFE129D4E4DC00E07BA1 /* VideoModel.swift in Sources */,
				979BBFC429D4C19D00E07BA1 /* GalleryView.swift in Sources */,
				97FAFAF529D86DF1001E9670 /* LocationModel.swift in Sources */,
				975EBBF229DA499300C38ACC /* AnimalGridItemView.swift in Sources */,
				979BBFD929D4D5A600E07BA1 /* InsetGalleryView.swift in Sources */,
				979BBFE329D4E55C00E07BA1 /* VideoListItemView.swift in Sources */,
				975EBC0229DA52C200C38ACC /* CreditsView.swift in Sources */,
				979BBFCF29D4C65900E07BA1 /* CodableBundleExtension.swift in Sources */,
				97FAFAF929D87F0A001E9670 /* MotionAnimationView.swift in Sources */,
				975EBC0429DA542200C38ACC /* CenterModifier.swift in Sources */,
				979BBFD729D4D46400E07BA1 /* HeadingView.swift in Sources */,
				97FAFAE629D86509001E9670 /* VideoPlayerView.swift in Sources */,
			);
			runOnlyForDeploymentPostprocessing = 0;
		};
/* End PBXSourcesBuildPhase section */

/* Begin PBXTargetDependency section */
		975EBBFB29DA508700C38ACC /* PBXTargetDependency */ = {
			isa = PBXTargetDependency;
			target = 975EBBF429DA508500C38ACC /* Stickers */;
			targetProxy = 975EBBFA29DA508700C38ACC /* PBXContainerItemProxy */;
		};
/* End PBXTargetDependency section */

/* Begin XCBuildConfiguration section */
		975EBBFF29DA508700C38ACC /* Debug */ = {
			isa = XCBuildConfiguration;
			buildSettings = {
				ASSETCATALOG_COMPILER_APPICON_NAME = "iMessage App Icon";
				CODE_SIGN_STYLE = Automatic;
				CURRENT_PROJECT_VERSION = 1;
				DEVELOPMENT_TEAM = CAWU778PAQ;
				GENERATE_INFOPLIST_FILE = YES;
				INFOPLIST_FILE = Stickers/Info.plist;
				INFOPLIST_KEY_CFBundleDisplayName = Africa;
				MARKETING_VERSION = 1.0;
				PRODUCT_BUNDLE_IDENTIFIER = com.zkzwk.Africa.Stickers;
				PRODUCT_NAME = "$(TARGET_NAME)";
				SKIP_INSTALL = YES;
				SWIFT_EMIT_LOC_STRINGS = YES;
				TARGETED_DEVICE_FAMILY = "1,2";
			};
			name = Debug;
		};
		975EBC0029DA508700C38ACC /* Release */ = {
			isa = XCBuildConfiguration;
			buildSettings = {
				ASSETCATALOG_COMPILER_APPICON_NAME = "iMessage App Icon";
				CODE_SIGN_STYLE = Automatic;
				CURRENT_PROJECT_VERSION = 1;
				DEVELOPMENT_TEAM = CAWU778PAQ;
				GENERATE_INFOPLIST_FILE = YES;
				INFOPLIST_FILE = Stickers/Info.plist;
				INFOPLIST_KEY_CFBundleDisplayName = Africa;
				MARKETING_VERSION = 1.0;
				PRODUCT_BUNDLE_IDENTIFIER = com.zkzwk.Africa.Stickers;
				PRODUCT_NAME = "$(TARGET_NAME)";
				SKIP_INSTALL = YES;
				SWIFT_EMIT_LOC_STRINGS = YES;
				TARGETED_DEVICE_FAMILY = "1,2";
			};
			name = Release;
		};
		979BBFA429D4AF3800E07BA1 /* Debug */ = {
			isa = XCBuildConfiguration;
			buildSettings = {
				ALWAYS_SEARCH_USER_PATHS = NO;
				CLANG_ANALYZER_NONNULL = YES;
				CLANG_ANALYZER_NUMBER_OBJECT_CONVERSION = YES_AGGRESSIVE;
				CLANG_CXX_LANGUAGE_STANDARD = "gnu++20";
				CLANG_ENABLE_MODULES = YES;
				CLANG_ENABLE_OBJC_ARC = YES;
				CLANG_ENABLE_OBJC_WEAK = YES;
				CLANG_WARN_BLOCK_CAPTURE_AUTORELEASING = YES;
				CLANG_WARN_BOOL_CONVERSION = YES;
				CLANG_WARN_COMMA = YES;
				CLANG_WARN_CONSTANT_CONVERSION = YES;
				CLANG_WARN_DEPRECATED_OBJC_IMPLEMENTATIONS = YES;
				CLANG_WARN_DIRECT_OBJC_ISA_USAGE = YES_ERROR;
				CLANG_WARN_DOCUMENTATION_COMMENTS = YES;
				CLANG_WARN_EMPTY_BODY = YES;
				CLANG_WARN_ENUM_CONVERSION = YES;
				CLANG_WARN_INFINITE_RECURSION = YES;
				CLANG_WARN_INT_CONVERSION = YES;
				CLANG_WARN_NON_LITERAL_NULL_CONVERSION = YES;
				CLANG_WARN_OBJC_IMPLICIT_RETAIN_SELF = YES;
				CLANG_WARN_OBJC_LITERAL_CONVERSION = YES;
				CLANG_WARN_OBJC_ROOT_CLASS = YES_ERROR;
				CLANG_WARN_QUOTED_INCLUDE_IN_FRAMEWORK_HEADER = YES;
				CLANG_WARN_RANGE_LOOP_ANALYSIS = YES;
				CLANG_WARN_STRICT_PROTOTYPES = YES;
				CLANG_WARN_SUSPICIOUS_MOVE = YES;
				CLANG_WARN_UNGUARDED_AVAILABILITY = YES_AGGRESSIVE;
				CLANG_WARN_UNREACHABLE_CODE = YES;
				CLANG_WARN__DUPLICATE_METHOD_MATCH = YES;
				COPY_PHASE_STRIP = NO;
				DEBUG_INFORMATION_FORMAT = dwarf;
				ENABLE_STRICT_OBJC_MSGSEND = YES;
				ENABLE_TESTABILITY = YES;
				GCC_C_LANGUAGE_STANDARD = gnu11;
				GCC_DYNAMIC_NO_PIC = NO;
				GCC_NO_COMMON_BLOCKS = YES;
				GCC_OPTIMIZATION_LEVEL = 0;
				GCC_PREPROCESSOR_DEFINITIONS = (
					"DEBUG=1",
					"$(inherited)",
				);
				GCC_WARN_64_TO_32_BIT_CONVERSION = YES;
				GCC_WARN_ABOUT_RETURN_TYPE = YES_ERROR;
				GCC_WARN_UNDECLARED_SELECTOR = YES;
				GCC_WARN_UNINITIALIZED_AUTOS = YES_AGGRESSIVE;
				GCC_WARN_UNUSED_FUNCTION = YES;
				GCC_WARN_UNUSED_VARIABLE = YES;
				IPHONEOS_DEPLOYMENT_TARGET = 16.4;
				MTL_ENABLE_DEBUG_INFO = INCLUDE_SOURCE;
				MTL_FAST_MATH = YES;
				ONLY_ACTIVE_ARCH = YES;
				SDKROOT = iphoneos;
				SWIFT_ACTIVE_COMPILATION_CONDITIONS = DEBUG;
				SWIFT_OPTIMIZATION_LEVEL = "-Onone";
			};
			name = Debug;
		};
		979BBFA529D4AF3800E07BA1 /* Release */ = {
			isa = XCBuildConfiguration;
			buildSettings = {
				ALWAYS_SEARCH_USER_PATHS = NO;
				CLANG_ANALYZER_NONNULL = YES;
				CLANG_ANALYZER_NUMBER_OBJECT_CONVERSION = YES_AGGRESSIVE;
				CLANG_CXX_LANGUAGE_STANDARD = "gnu++20";
				CLANG_ENABLE_MODULES = YES;
				CLANG_ENABLE_OBJC_ARC = YES;
				CLANG_ENABLE_OBJC_WEAK = YES;
				CLANG_WARN_BLOCK_CAPTURE_AUTORELEASING = YES;
				CLANG_WARN_BOOL_CONVERSION = YES;
				CLANG_WARN_COMMA = YES;
				CLANG_WARN_CONSTANT_CONVERSION = YES;
				CLANG_WARN_DEPRECATED_OBJC_IMPLEMENTATIONS = YES;
				CLANG_WARN_DIRECT_OBJC_ISA_USAGE = YES_ERROR;
				CLANG_WARN_DOCUMENTATION_COMMENTS = YES;
				CLANG_WARN_EMPTY_BODY = YES;
				CLANG_WARN_ENUM_CONVERSION = YES;
				CLANG_WARN_INFINITE_RECURSION = YES;
				CLANG_WARN_INT_CONVERSION = YES;
				CLANG_WARN_NON_LITERAL_NULL_CONVERSION = YES;
				CLANG_WARN_OBJC_IMPLICIT_RETAIN_SELF = YES;
				CLANG_WARN_OBJC_LITERAL_CONVERSION = YES;
				CLANG_WARN_OBJC_ROOT_CLASS = YES_ERROR;
				CLANG_WARN_QUOTED_INCLUDE_IN_FRAMEWORK_HEADER = YES;
				CLANG_WARN_RANGE_LOOP_ANALYSIS = YES;
				CLANG_WARN_STRICT_PROTOTYPES = YES;
				CLANG_WARN_SUSPICIOUS_MOVE = YES;
				CLANG_WARN_UNGUARDED_AVAILABILITY = YES_AGGRESSIVE;
				CLANG_WARN_UNREACHABLE_CODE = YES;
				CLANG_WARN__DUPLICATE_METHOD_MATCH = YES;
				COPY_PHASE_STRIP = NO;
				DEBUG_INFORMATION_FORMAT = "dwarf-with-dsym";
				ENABLE_NS_ASSERTIONS = NO;
				ENABLE_STRICT_OBJC_MSGSEND = YES;
				GCC_C_LANGUAGE_STANDARD = gnu11;
				GCC_NO_COMMON_BLOCKS = YES;
				GCC_WARN_64_TO_32_BIT_CONVERSION = YES;
				GCC_WARN_ABOUT_RETURN_TYPE = YES_ERROR;
				GCC_WARN_UNDECLARED_SELECTOR = YES;
				GCC_WARN_UNINITIALIZED_AUTOS = YES_AGGRESSIVE;
				GCC_WARN_UNUSED_FUNCTION = YES;
				GCC_WARN_UNUSED_VARIABLE = YES;
				IPHONEOS_DEPLOYMENT_TARGET = 16.4;
				MTL_ENABLE_DEBUG_INFO = NO;
				MTL_FAST_MATH = YES;
				SDKROOT = iphoneos;
				SWIFT_COMPILATION_MODE = wholemodule;
				SWIFT_OPTIMIZATION_LEVEL = "-O";
				VALIDATE_PRODUCT = YES;
			};
			name = Release;
		};
		979BBFA729D4AF3800E07BA1 /* Debug */ = {
			isa = XCBuildConfiguration;
			buildSettings = {
				ASSETCATALOG_COMPILER_APPICON_NAME = AppIcon;
				ASSETCATALOG_COMPILER_GLOBAL_ACCENT_COLOR_NAME = AccentColor;
				CODE_SIGN_STYLE = Automatic;
				CURRENT_PROJECT_VERSION = 1;
				DEVELOPMENT_ASSET_PATHS = "\"Africa/Preview Content\"";
				DEVELOPMENT_TEAM = CAWU778PAQ;
				ENABLE_PREVIEWS = YES;
				GENERATE_INFOPLIST_FILE = YES;
				INFOPLIST_FILE = Africa/Info.plist;
				INFOPLIST_KEY_UIApplicationSceneManifest_Generation = YES;
				INFOPLIST_KEY_UIApplicationSupportsIndirectInputEvents = YES;
				INFOPLIST_KEY_UISupportedInterfaceOrientations_iPad = "UIInterfaceOrientationPortrait UIInterfaceOrientationPortraitUpsideDown UIInterfaceOrientationLandscapeLeft UIInterfaceOrientationLandscapeRight";
				INFOPLIST_KEY_UISupportedInterfaceOrientations_iPhone = "UIInterfaceOrientationPortrait UIInterfaceOrientationLandscapeLeft UIInterfaceOrientationLandscapeRight";
				INFOPLIST_KEY_UIUserInterfaceStyle = Dark;
				LD_RUNPATH_SEARCH_PATHS = (
					"$(inherited)",
					"@executable_path/Frameworks",
				);
				MARKETING_VERSION = 1.0;
				PRODUCT_BUNDLE_IDENTIFIER = com.zkzwk.Africa;
				PRODUCT_NAME = "$(TARGET_NAME)";
				SUPPORTED_PLATFORMS = "iphoneos iphonesimulator";
				SUPPORTS_MACCATALYST = NO;
				SUPPORTS_MAC_DESIGNED_FOR_IPHONE_IPAD = YES;
				SWIFT_EMIT_LOC_STRINGS = YES;
				SWIFT_VERSION = 5.0;
				TARGETED_DEVICE_FAMILY = "1,2";
			};
			name = Debug;
		};
		979BBFA829D4AF3800E07BA1 /* Release */ = {
			isa = XCBuildConfiguration;
			buildSettings = {
				ASSETCATALOG_COMPILER_APPICON_NAME = AppIcon;
				ASSETCATALOG_COMPILER_GLOBAL_ACCENT_COLOR_NAME = AccentColor;
				CODE_SIGN_STYLE = Automatic;
				CURRENT_PROJECT_VERSION = 1;
				DEVELOPMENT_ASSET_PATHS = "\"Africa/Preview Content\"";
				DEVELOPMENT_TEAM = CAWU778PAQ;
				ENABLE_PREVIEWS = YES;
				GENERATE_INFOPLIST_FILE = YES;
				INFOPLIST_FILE = Africa/Info.plist;
				INFOPLIST_KEY_UIApplicationSceneManifest_Generation = YES;
				INFOPLIST_KEY_UIApplicationSupportsIndirectInputEvents = YES;
				INFOPLIST_KEY_UISupportedInterfaceOrientations_iPad = "UIInterfaceOrientationPortrait UIInterfaceOrientationPortraitUpsideDown UIInterfaceOrientationLandscapeLeft UIInterfaceOrientationLandscapeRight";
				INFOPLIST_KEY_UISupportedInterfaceOrientations_iPhone = "UIInterfaceOrientationPortrait UIInterfaceOrientationLandscapeLeft UIInterfaceOrientationLandscapeRight";
				INFOPLIST_KEY_UIUserInterfaceStyle = Dark;
				LD_RUNPATH_SEARCH_PATHS = (
					"$(inherited)",
					"@executable_path/Frameworks",
				);
				MARKETING_VERSION = 1.0;
				PRODUCT_BUNDLE_IDENTIFIER = com.zkzwk.Africa;
				PRODUCT_NAME = "$(TARGET_NAME)";
				SUPPORTED_PLATFORMS = "iphoneos iphonesimulator";
				SUPPORTS_MACCATALYST = NO;
				SUPPORTS_MAC_DESIGNED_FOR_IPHONE_IPAD = YES;
				SWIFT_EMIT_LOC_STRINGS = YES;
				SWIFT_VERSION = 5.0;
				TARGETED_DEVICE_FAMILY = "1,2";
			};
			name = Release;
		};
/* End XCBuildConfiguration section */

/* Begin XCConfigurationList section */
		975EBBFE29DA508700C38ACC /* Build configuration list for PBXNativeTarget "Stickers" */ = {
			isa = XCConfigurationList;
			buildConfigurations = (
				975EBBFF29DA508700C38ACC /* Debug */,
				975EBC0029DA508700C38ACC /* Release */,
			);
			defaultConfigurationIsVisible = 0;
			defaultConfigurationName = Release;
		};
		979BBF9329D4AF3700E07BA1 /* Build configuration list for PBXProject "Africa" */ = {
			isa = XCConfigurationList;
			buildConfigurations = (
				979BBFA429D4AF3800E07BA1 /* Debug */,
				979BBFA529D4AF3800E07BA1 /* Release */,
			);
			defaultConfigurationIsVisible = 0;
			defaultConfigurationName = Release;
		};
		979BBFA629D4AF3800E07BA1 /* Build configuration list for PBXNativeTarget "Africa" */ = {
			isa = XCConfigurationList;
			buildConfigurations = (
				979BBFA729D4AF3800E07BA1 /* Debug */,
				979BBFA829D4AF3800E07BA1 /* Release */,
			);
			defaultConfigurationIsVisible = 0;
			defaultConfigurationName = Release;
		};
/* End XCConfigurationList section */
	};
	rootObject = 979BBF9029D4AF3700E07BA1 /* Project object */;
}
